{
  "name": "ipnjs",
  "version": "1.0.0",
  "lockfileVersion": 2,
  "requires": true,
  "packages": {
    "": {
      "name": "ipnjs",
      "version": "1.0.0",
      "license": "ISC",
      "dependencies": {
        "base58-js": "^1.0.4",
        "bech32": "^2.0.0",
        "cbor": "^8.1.0",
        "js-sha3": "^0.8.0",
        "libsodium-wrappers": "^0.7.10",
        "moment": "^2.29.4",
        "rfc-3548-b32": "^0.0.2",
        "uuid": "^8.3.2",
        "ws": "^8.8.1"
      }
    },
    "node_modules/base58-js": {
      "version": "1.0.4",
      "resolved": "https://registry.npmjs.org/base58-js/-/base58-js-1.0.4.tgz",
      "integrity": "sha512-DQtWOeY+JwAUyFaL1KBqL0L81LWUj5S92N39LCiQwBouHz1GNZBqyhJz9ZtIDEtwaBYyoF63x27oqFL0Lu7DUg==",
      "engines": {
        "node": ">= 8"
      }
    },
    "node_modules/bech32": {
      "version": "2.0.0",
      "resolved": "https://registry.npmjs.org/bech32/-/bech32-2.0.0.tgz",
      "integrity": "sha512-LcknSilhIGatDAsY1ak2I8VtGaHNhgMSYVxFrGLXv+xLHytaKZKcaUJJUE7qmBr7h33o5YQwP55pMI0xmkpJwg=="
    },
    "node_modules/cbor": {
      "version": "8.1.0",
      "resolved": "https://registry.npmjs.org/cbor/-/cbor-8.1.0.tgz",
      "integrity": "sha512-DwGjNW9omn6EwP70aXsn7FQJx5kO12tX0bZkaTjzdVFM6/7nhA4t0EENocKGx6D2Bch9PE2KzCUf5SceBdeijg==",
      "dependencies": {
        "nofilter": "^3.1.0"
      },
      "engines": {
        "node": ">=12.19"
      }
    },
    "node_modules/js-sha3": {
      "version": "0.8.0",
      "resolved": "https://registry.npmjs.org/js-sha3/-/js-sha3-0.8.0.tgz",
      "integrity": "sha512-gF1cRrHhIzNfToc802P800N8PpXS+evLLXfsVpowqmAFR9uwbi89WvXg2QspOmXL8QL86J4T1EpFu+yUkwJY3Q=="
    },
    "node_modules/libsodium": {
      "version": "0.7.10",
      "resolved": "https://registry.npmjs.org/libsodium/-/libsodium-0.7.10.tgz",
      "integrity": "sha512-eY+z7hDrDKxkAK+QKZVNv92A5KYkxfvIshtBJkmg5TSiCnYqZP3i9OO9whE79Pwgm4jGaoHgkM4ao/b9Cyu4zQ=="
    },
    "node_modules/libsodium-wrappers": {
      "version": "0.7.10",
      "resolved": "https://registry.npmjs.org/libsodium-wrappers/-/libsodium-wrappers-0.7.10.tgz",
      "integrity": "sha512-pO3F1Q9NPLB/MWIhehim42b/Fwb30JNScCNh8TcQ/kIc+qGLQch8ag8wb0keK3EP5kbGakk1H8Wwo7v+36rNQg==",
      "dependencies": {
        "libsodium": "^0.7.0"
      }
    },
    "node_modules/moment": {
      "version": "2.29.4",
      "resolved": "https://registry.npmjs.org/moment/-/moment-2.29.4.tgz",
      "integrity": "sha512-5LC9SOxjSc2HF6vO2CyuTDNivEdoz2IvyJJGj6X8DJ0eFyfszE0QiEd+iXmBvUP3WHxSjFH/vIsA0EN00cgr8w==",
      "engines": {
        "node": "*"
      }
    },
    "node_modules/nofilter": {
      "version": "3.1.0",
      "resolved": "https://registry.npmjs.org/nofilter/-/nofilter-3.1.0.tgz",
      "integrity": "sha512-l2NNj07e9afPnhAhvgVrCD/oy2Ai1yfLpuo3EpiO1jFTsB4sFz6oIfAfSZyQzVpkZQ9xS8ZS5g1jCBgq4Hwo0g==",
      "engines": {
        "node": ">=12.19"
      }
    },
    "node_modules/rfc-3548-b32": {
      "version": "0.0.2",
      "resolved": "https://registry.npmjs.org/rfc-3548-b32/-/rfc-3548-b32-0.0.2.tgz",
      "integrity": "sha512-ja8PoXs04a8d/M2lhAUpA4EHrR3UC9G8Jgug6eUjcFDHpP/MzssN7YJgX4lPUSnpY2eqwrNRtvtJVZpyBY9ofA==",
      "engines": {
        "node": ">=0.10"
      }
    },
    "node_modules/uuid": {
      "version": "8.3.2",
      "resolved": "https://registry.npmjs.org/uuid/-/uuid-8.3.2.tgz",
      "integrity": "sha512-+NYs2QeMWy+GWFOEm9xnn6HCDp0l7QBD7ml8zLUmJ+93Q5NF0NocErnwkTkXVFNiX3/fpC6afS8Dhb/gz7R7eg==",
      "bin": {
        "uuid": "dist/bin/uuid"
      }
    },
    "node_modules/ws": {
      "version": "8.8.1",
      "resolved": "https://registry.npmjs.org/ws/-/ws-8.8.1.tgz",
      "integrity": "sha512-bGy2JzvzkPowEJV++hF07hAD6niYSr0JzBNo/J29WsB57A2r7Wlc1UFcTR9IzrPvuNVO4B8LGqF8qcpsVOhJCA==",
      "engines": {
        "node": ">=10.0.0"
      },
      "peerDependencies": {
        "bufferutil": "^4.0.1",
        "utf-8-validate": "^5.0.2"
      },
      "peerDependenciesMeta": {
        "bufferutil": {
          "optional": true
        },
        "utf-8-validate": {
          "optional": true
        }
      }
    }
  },
  "dependencies": {
    "base58-js": {
      "version": "1.0.4",
      "resolved": "https://registry.npmjs.org/base58-js/-/base58-js-1.0.4.tgz",
      "integrity": "sha512-DQtWOeY+JwAUyFaL1KBqL0L81LWUj5S92N39LCiQwBouHz1GNZBqyhJz9ZtIDEtwaBYyoF63x27oqFL0Lu7DUg=="
    },
    "bech32": {
      "version": "2.0.0",
      "resolved": "https://registry.npmjs.org/bech32/-/bech32-2.0.0.tgz",
      "integrity": "sha512-LcknSilhIGatDAsY1ak2I8VtGaHNhgMSYVxFrGLXv+xLHytaKZKcaUJJUE7qmBr7h33o5YQwP55pMI0xmkpJwg=="
    },
    "cbor": {
      "version": "8.1.0",
      "resolved": "https://registry.npmjs.org/cbor/-/cbor-8.1.0.tgz",
      "integrity": "sha512-DwGjNW9omn6EwP70aXsn7FQJx5kO12tX0bZkaTjzdVFM6/7nhA4t0EENocKGx6D2Bch9PE2KzCUf5SceBdeijg==",
      "requires": {
        "nofilter": "^3.1.0"
      }
    },
    "js-sha3": {
      "version": "0.8.0",
      "resolved": "https://registry.npmjs.org/js-sha3/-/js-sha3-0.8.0.tgz",
      "integrity": "sha512-gF1cRrHhIzNfToc802P800N8PpXS+evLLXfsVpowqmAFR9uwbi89WvXg2QspOmXL8QL86J4T1EpFu+yUkwJY3Q=="
    },
    "libsodium": {
      "version": "0.7.10",
      "resolved": "https://registry.npmjs.org/libsodium/-/libsodium-0.7.10.tgz",
      "integrity": "sha512-eY+z7hDrDKxkAK+QKZVNv92A5KYkxfvIshtBJkmg5TSiCnYqZP3i9OO9whE79Pwgm4jGaoHgkM4ao/b9Cyu4zQ=="
    },
    "libsodium-wrappers": {
      "version": "0.7.10",
      "resolved": "https://registry.npmjs.org/libsodium-wrappers/-/libsodium-wrappers-0.7.10.tgz",
      "integrity": "sha512-pO3F1Q9NPLB/MWIhehim42b/Fwb30JNScCNh8TcQ/kIc+qGLQch8ag8wb0keK3EP5kbGakk1H8Wwo7v+36rNQg==",
      "requires": {
        "libsodium": "^0.7.0"
      }
    },
    "moment": {
      "version": "2.29.4",
      "resolved": "https://registry.npmjs.org/moment/-/moment-2.29.4.tgz",
      "integrity": "sha512-5LC9SOxjSc2HF6vO2CyuTDNivEdoz2IvyJJGj6X8DJ0eFyfszE0QiEd+iXmBvUP3WHxSjFH/vIsA0EN00cgr8w=="
    },
    "nofilter": {
      "version": "3.1.0",
      "resolved": "https://registry.npmjs.org/nofilter/-/nofilter-3.1.0.tgz",
      "integrity": "sha512-l2NNj07e9afPnhAhvgVrCD/oy2Ai1yfLpuo3EpiO1jFTsB4sFz6oIfAfSZyQzVpkZQ9xS8ZS5g1jCBgq4Hwo0g=="
    },
    "rfc-3548-b32": {
      "version": "0.0.2",
      "resolved": "https://registry.npmjs.org/rfc-3548-b32/-/rfc-3548-b32-0.0.2.tgz",
      "integrity": "sha512-ja8PoXs04a8d/M2lhAUpA4EHrR3UC9G8Jgug6eUjcFDHpP/MzssN7YJgX4lPUSnpY2eqwrNRtvtJVZpyBY9ofA=="
    },
    "uuid": {
      "version": "8.3.2",
      "resolved": "https://registry.npmjs.org/uuid/-/uuid-8.3.2.tgz",
      "integrity": "sha512-+NYs2QeMWy+GWFOEm9xnn6HCDp0l7QBD7ml8zLUmJ+93Q5NF0NocErnwkTkXVFNiX3/fpC6afS8Dhb/gz7R7eg=="
    },
    "ws": {
      "version": "8.8.1",
      "resolved": "https://registry.npmjs.org/ws/-/ws-8.8.1.tgz",
      "integrity": "sha512-bGy2JzvzkPowEJV++hF07hAD6niYSr0JzBNo/J29WsB57A2r7Wlc1UFcTR9IzrPvuNVO4B8LGqF8qcpsVOhJCA=="
    }
  }
}
